// !$*UTF8*$!
{
	archiveVersion = 1;
	classes = {
	};
	objectVersion = 56;
	objects = {

/* Begin PBXBuildFile section */
		2A95ED802B839C70006B1B69 /* FirebaseAnalytics in Frameworks */ = {isa = PBXBuildFile; productRef = 2A95ED7F2B839C70006B1B69 /* FirebaseAnalytics */; };
		2A95ED822B839C70006B1B69 /* FirebaseAnalyticsOnDeviceConversion in Frameworks */ = {isa = PBXBuildFile; productRef = 2A95ED812B839C70006B1B69 /* FirebaseAnalyticsOnDeviceConversion */; };
		2A95ED842B839C70006B1B69 /* FirebaseAnalyticsSwift in Frameworks */ = {isa = PBXBuildFile; productRef = 2A95ED832B839C70006B1B69 /* FirebaseAnalyticsSwift */; };
		2A95ED862B839C70006B1B69 /* FirebaseAnalyticsWithoutAdIdSupport in Frameworks */ = {isa = PBXBuildFile; productRef = 2A95ED852B839C70006B1B69 /* FirebaseAnalyticsWithoutAdIdSupport */; };
		2A95ED882B839C70006B1B69 /* FirebaseAppCheck in Frameworks */ = {isa = PBXBuildFile; productRef = 2A95ED872B839C70006B1B69 /* FirebaseAppCheck */; };
		2A95ED8A2B839C70006B1B69 /* FirebaseAppDistribution-Beta in Frameworks */ = {isa = PBXBuildFile; productRef = 2A95ED892B839C70006B1B69 /* FirebaseAppDistribution-Beta */; };
		2A95ED8C2B839C70006B1B69 /* FirebaseAuth in Frameworks */ = {isa = PBXBuildFile; productRef = 2A95ED8B2B839C70006B1B69 /* FirebaseAuth */; };
		2A95ED8E2B839C70006B1B69 /* FirebaseAuthCombine-Community in Frameworks */ = {isa = PBXBuildFile; productRef = 2A95ED8D2B839C70006B1B69 /* FirebaseAuthCombine-Community */; };
		2A95ED902B839C70006B1B69 /* FirebaseCrashlytics in Frameworks */ = {isa = PBXBuildFile; productRef = 2A95ED8F2B839C70006B1B69 /* FirebaseCrashlytics */; };
		2A95ED922B839C70006B1B69 /* FirebaseDatabase in Frameworks */ = {isa = PBXBuildFile; productRef = 2A95ED912B839C70006B1B69 /* FirebaseDatabase */; };
		2A95ED942B839C70006B1B69 /* FirebaseDatabaseSwift in Frameworks */ = {isa = PBXBuildFile; productRef = 2A95ED932B839C70006B1B69 /* FirebaseDatabaseSwift */; };
		2A95ED962B839C70006B1B69 /* FirebaseDynamicLinks in Frameworks */ = {isa = PBXBuildFile; productRef = 2A95ED952B839C70006B1B69 /* FirebaseDynamicLinks */; };
		2A95ED982B839C70006B1B69 /* FirebaseFirestore in Frameworks */ = {isa = PBXBuildFile; productRef = 2A95ED972B839C70006B1B69 /* FirebaseFirestore */; };
		2A95ED9A2B839C70006B1B69 /* FirebaseFirestoreCombine-Community in Frameworks */ = {isa = PBXBuildFile; productRef = 2A95ED992B839C70006B1B69 /* FirebaseFirestoreCombine-Community */; };
		2A95ED9C2B839C70006B1B69 /* FirebaseFirestoreSwift in Frameworks */ = {isa = PBXBuildFile; productRef = 2A95ED9B2B839C70006B1B69 /* FirebaseFirestoreSwift */; };
		2A95ED9E2B839C70006B1B69 /* FirebaseFunctions in Frameworks */ = {isa = PBXBuildFile; productRef = 2A95ED9D2B839C70006B1B69 /* FirebaseFunctions */; };
		2A95EDA02B839C70006B1B69 /* FirebaseFunctionsCombine-Community in Frameworks */ = {isa = PBXBuildFile; productRef = 2A95ED9F2B839C70006B1B69 /* FirebaseFunctionsCombine-Community */; };
		2A95EDA22B839C70006B1B69 /* FirebaseInAppMessaging-Beta in Frameworks */ = {isa = PBXBuildFile; productRef = 2A95EDA12B839C70006B1B69 /* FirebaseInAppMessaging-Beta */; };
		2A95EDA42B839C70006B1B69 /* FirebaseInAppMessagingSwift-Beta in Frameworks */ = {isa = PBXBuildFile; productRef = 2A95EDA32B839C70006B1B69 /* FirebaseInAppMessagingSwift-Beta */; };
		2A95EDA62B839C70006B1B69 /* FirebaseInstallations in Frameworks */ = {isa = PBXBuildFile; productRef = 2A95EDA52B839C70006B1B69 /* FirebaseInstallations */; };
		2A95EDA82B839C70006B1B69 /* FirebaseMLModelDownloader in Frameworks */ = {isa = PBXBuildFile; productRef = 2A95EDA72B839C70006B1B69 /* FirebaseMLModelDownloader */; };
		2A95EDAA2B839C70006B1B69 /* FirebaseMessaging in Frameworks */ = {isa = PBXBuildFile; productRef = 2A95EDA92B839C70006B1B69 /* FirebaseMessaging */; };
		2A95EDAC2B839C70006B1B69 /* FirebasePerformance in Frameworks */ = {isa = PBXBuildFile; productRef = 2A95EDAB2B839C70006B1B69 /* FirebasePerformance */; };
		2A95EDAE2B839C70006B1B69 /* FirebaseRemoteConfig in Frameworks */ = {isa = PBXBuildFile; productRef = 2A95EDAD2B839C70006B1B69 /* FirebaseRemoteConfig */; };
		2A95EDB02B839C70006B1B69 /* FirebaseRemoteConfigSwift in Frameworks */ = {isa = PBXBuildFile; productRef = 2A95EDAF2B839C70006B1B69 /* FirebaseRemoteConfigSwift */; };
		2A95EDB22B839C70006B1B69 /* FirebaseStorage in Frameworks */ = {isa = PBXBuildFile; productRef = 2A95EDB12B839C70006B1B69 /* FirebaseStorage */; };
		2A95EDB42B839C70006B1B69 /* FirebaseStorageCombine-Community in Frameworks */ = {isa = PBXBuildFile; productRef = 2A95EDB32B839C70006B1B69 /* FirebaseStorageCombine-Community */; };
		2A95EDB62B839F20006B1B69 /* GoogleService-Info.plist in Resources */ = {isa = PBXBuildFile; fileRef = 2A95EDB52B839F20006B1B69 /* GoogleService-Info.plist */; };
		2A9AB0622B83082F0061D563 /* AppDelegate.swift in Sources */ = {isa = PBXBuildFile; fileRef = 2A9AB0612B83082F0061D563 /* AppDelegate.swift */; };
		2A9AB0662B83082F0061D563 /* ViewController.swift in Sources */ = {isa = PBXBuildFile; fileRef = 2A9AB0652B83082F0061D563 /* ViewController.swift */; };
		2A9AB0692B83082F0061D563 /* Main.storyboard in Resources */ = {isa = PBXBuildFile; fileRef = 2A9AB0672B83082F0061D563 /* Main.storyboard */; };
		2A9AB06B2B8308320061D563 /* Assets.xcassets in Resources */ = {isa = PBXBuildFile; fileRef = 2A9AB06A2B8308320061D563 /* Assets.xcassets */; };
		2A9AB06E2B8308320061D563 /* LaunchScreen.storyboard in Resources */ = {isa = PBXBuildFile; fileRef = 2A9AB06C2B8308320061D563 /* LaunchScreen.storyboard */; };
/* End PBXBuildFile section */

/* Begin PBXFileReference section */
		2A95EDB52B839F20006B1B69 /* GoogleService-Info.plist */ = {isa = PBXFileReference; fileEncoding = 4; lastKnownFileType = text.plist.xml; path = "GoogleService-Info.plist"; sourceTree = "<group>"; };
		2A9AB05E2B83082F0061D563 /* CrashlyticsSwift.app */ = {isa = PBXFileReference; explicitFileType = wrapper.application; includeInIndex = 0; path = CrashlyticsSwift.app; sourceTree = BUILT_PRODUCTS_DIR; };
		2A9AB0612B83082F0061D563 /* AppDelegate.swift */ = {isa = PBXFileReference; lastKnownFileType = sourcecode.swift; path = AppDelegate.swift; sourceTree = "<group>"; };
		2A9AB0652B83082F0061D563 /* ViewController.swift */ = {isa = PBXFileReference; lastKnownFileType = sourcecode.swift; path = ViewController.swift; sourceTree = "<group>"; };
		2A9AB0682B83082F0061D563 /* Base */ = {isa = PBXFileReference; lastKnownFileType = file.storyboard; name = Base; path = Base.lproj/Main.storyboard; sourceTree = "<group>"; };
		2A9AB06A2B8308320061D563 /* Assets.xcassets */ = {isa = PBXFileReference; lastKnownFileType = folder.assetcatalog; path = Assets.xcassets; sourceTree = "<group>"; };
		2A9AB06D2B8308320061D563 /* Base */ = {isa = PBXFileReference; lastKnownFileType = file.storyboard; name = Base; path = Base.lproj/LaunchScreen.storyboard; sourceTree = "<group>"; };
		2A9AB06F2B8308320061D563 /* Info.plist */ = {isa = PBXFileReference; lastKnownFileType = text.plist.xml; path = Info.plist; sourceTree = "<group>"; };
/* End PBXFileReference section */

/* Begin PBXFrameworksBuildPhase section */
		2A9AB05B2B83082F0061D563 /* Frameworks */ = {
			isa = PBXFrameworksBuildPhase;
			buildActionMask = 2147483647;
			files = (
				2A95ED922B839C70006B1B69 /* FirebaseDatabase in Frameworks */,
				2A95EDA02B839C70006B1B69 /* FirebaseFunctionsCombine-Community in Frameworks */,
				2A95ED982B839C70006B1B69 /* FirebaseFirestore in Frameworks */,
				2A95ED842B839C70006B1B69 /* FirebaseAnalyticsSwift in Frameworks */,
				2A95ED802B839C70006B1B69 /* FirebaseAnalytics in Frameworks */,
				2A95ED822B839C70006B1B69 /* FirebaseAnalyticsOnDeviceConversion in Frameworks */,
				2A95EDA82B839C70006B1B69 /* FirebaseMLModelDownloader in Frameworks */,
				2A95ED9C2B839C70006B1B69 /* FirebaseFirestoreSwift in Frameworks */,
				2A95ED882B839C70006B1B69 /* FirebaseAppCheck in Frameworks */,
				2A95ED862B839C70006B1B69 /* FirebaseAnalyticsWithoutAdIdSupport in Frameworks */,
				2A95ED8C2B839C70006B1B69 /* FirebaseAuth in Frameworks */,
				2A95ED902B839C70006B1B69 /* FirebaseCrashlytics in Frameworks */,
				2A95EDB02B839C70006B1B69 /* FirebaseRemoteConfigSwift in Frameworks */,
				2A95EDA22B839C70006B1B69 /* FirebaseInAppMessaging-Beta in Frameworks */,
				2A95ED942B839C70006B1B69 /* FirebaseDatabaseSwift in Frameworks */,
				2A95ED9E2B839C70006B1B69 /* FirebaseFunctions in Frameworks */,
				2A95EDB42B839C70006B1B69 /* FirebaseStorageCombine-Community in Frameworks */,
				2A95EDAE2B839C70006B1B69 /* FirebaseRemoteConfig in Frameworks */,
				2A95ED8A2B839C70006B1B69 /* FirebaseAppDistribution-Beta in Frameworks */,
				2A95ED8E2B839C70006B1B69 /* FirebaseAuthCombine-Community in Frameworks */,
				2A95EDAC2B839C70006B1B69 /* FirebasePerformance in Frameworks */,
				2A95EDA42B839C70006B1B69 /* FirebaseInAppMessagingSwift-Beta in Frameworks */,
				2A95EDB22B839C70006B1B69 /* FirebaseStorage in Frameworks */,
				2A95ED962B839C70006B1B69 /* FirebaseDynamicLinks in Frameworks */,
				2A95ED9A2B839C70006B1B69 /* FirebaseFirestoreCombine-Community in Frameworks */,
				2A95EDAA2B839C70006B1B69 /* FirebaseMessaging in Frameworks */,
				2A95EDA62B839C70006B1B69 /* FirebaseInstallations in Frameworks */,
			);
			runOnlyForDeploymentPostprocessing = 0;
		};
/* End PBXFrameworksBuildPhase section */

/* Begin PBXGroup section */
		2A9AB0552B83082F0061D563 = {
			isa = PBXGroup;
			children = (
				2A9AB0602B83082F0061D563 /* CrashlyticsSwift */,
				2A9AB05F2B83082F0061D563 /* Products */,
			);
			sourceTree = "<group>";
		};
		2A9AB05F2B83082F0061D563 /* Products */ = {
			isa = PBXGroup;
			children = (
				2A9AB05E2B83082F0061D563 /* CrashlyticsSwift.app */,
			);
			name = Products;
			sourceTree = "<group>";
		};
		2A9AB0602B83082F0061D563 /* CrashlyticsSwift */ = {
			isa = PBXGroup;
			children = (
				2A9AB0612B83082F0061D563 /* AppDelegate.swift */,
				2A9AB0652B83082F0061D563 /* ViewController.swift */,
				2A9AB0672B83082F0061D563 /* Main.storyboard */,
				2A9AB06A2B8308320061D563 /* Assets.xcassets */,
				2A9AB06C2B8308320061D563 /* LaunchScreen.storyboard */,
				2A95EDB52B839F20006B1B69 /* GoogleService-Info.plist */,
				2A9AB06F2B8308320061D563 /* Info.plist */,
			);
			path = CrashlyticsSwift;
			sourceTree = "<group>";
		};
/* End PBXGroup section */

/* Begin PBXNativeTarget section */
		2A9AB05D2B83082F0061D563 /* CrashlyticsSwift */ = {
			isa = PBXNativeTarget;
			buildConfigurationList = 2A9AB0722B8308320061D563 /* Build configuration list for PBXNativeTarget "CrashlyticsSwift" */;
			buildPhases = (
				2A9AB05A2B83082F0061D563 /* Sources */,
				2A9AB05B2B83082F0061D563 /* Frameworks */,
				2A9AB05C2B83082F0061D563 /* Resources */,
				2A95EDB72B83AC50006B1B69 /* Firebase Crashlytics */,
			);
			buildRules = (
			);
			dependencies = (
			);
			name = CrashlyticsSwift;
			packageProductDependencies = (
				2A95ED7F2B839C70006B1B69 /* FirebaseAnalytics */,
				2A95ED812B839C70006B1B69 /* FirebaseAnalyticsOnDeviceConversion */,
				2A95ED832B839C70006B1B69 /* FirebaseAnalyticsSwift */,
				2A95ED852B839C70006B1B69 /* FirebaseAnalyticsWithoutAdIdSupport */,
				2A95ED872B839C70006B1B69 /* FirebaseAppCheck */,
				2A95ED892B839C70006B1B69 /* FirebaseAppDistribution-Beta */,
				2A95ED8B2B839C70006B1B69 /* FirebaseAuth */,
				2A95ED8D2B839C70006B1B69 /* FirebaseAuthCombine-Community */,
				2A95ED8F2B839C70006B1B69 /* FirebaseCrashlytics */,
				2A95ED912B839C70006B1B69 /* FirebaseDatabase */,
				2A95ED932B839C70006B1B69 /* FirebaseDatabaseSwift */,
				2A95ED952B839C70006B1B69 /* FirebaseDynamicLinks */,
				2A95ED972B839C70006B1B69 /* FirebaseFirestore */,
				2A95ED992B839C70006B1B69 /* FirebaseFirestoreCombine-Community */,
				2A95ED9B2B839C70006B1B69 /* FirebaseFirestoreSwift */,
				2A95ED9D2B839C70006B1B69 /* FirebaseFunctions */,
				2A95ED9F2B839C70006B1B69 /* FirebaseFunctionsCombine-Community */,
				2A95EDA12B839C70006B1B69 /* FirebaseInAppMessaging-Beta */,
				2A95EDA32B839C70006B1B69 /* FirebaseInAppMessagingSwift-Beta */,
				2A95EDA52B839C70006B1B69 /* FirebaseInstallations */,
				2A95EDA72B839C70006B1B69 /* FirebaseMLModelDownloader */,
				2A95EDA92B839C70006B1B69 /* FirebaseMessaging */,
				2A95EDAB2B839C70006B1B69 /* FirebasePerformance */,
				2A95EDAD2B839C70006B1B69 /* FirebaseRemoteConfig */,
				2A95EDAF2B839C70006B1B69 /* FirebaseRemoteConfigSwift */,
				2A95EDB12B839C70006B1B69 /* FirebaseStorage */,
				2A95EDB32B839C70006B1B69 /* FirebaseStorageCombine-Community */,
			);
			productName = CrashlyticsSwift;
			productReference = 2A9AB05E2B83082F0061D563 /* CrashlyticsSwift.app */;
			productType = "com.apple.product-type.application";
		};
/* End PBXNativeTarget section */

/* Begin PBXProject section */
		2A9AB0562B83082F0061D563 /* Project object */ = {
			isa = PBXProject;
			attributes = {
				BuildIndependentTargetsInParallel = 1;
				LastSwiftUpdateCheck = 1520;
				LastUpgradeCheck = 1520;
				TargetAttributes = {
					2A9AB05D2B83082F0061D563 = {
						CreatedOnToolsVersion = 15.2;
					};
				};
			};
			buildConfigurationList = 2A9AB0592B83082F0061D563 /* Build configuration list for PBXProject "CrashlyticsSwift" */;
			compatibilityVersion = "Xcode 14.0";
			developmentRegion = en;
			hasScannedForEncodings = 0;
			knownRegions = (
				en,
				Base,
			);
			mainGroup = 2A9AB0552B83082F0061D563;
			packageReferences = (
				2A95ED7E2B839C70006B1B69 /* XCRemoteSwiftPackageReference "firebase-ios-sdk" */,
			);
			productRefGroup = 2A9AB05F2B83082F0061D563 /* Products */;
			projectDirPath = "";
			projectRoot = "";
			targets = (
				2A9AB05D2B83082F0061D563 /* CrashlyticsSwift */,
			);
		};
/* End PBXProject section */

/* Begin PBXResourcesBuildPhase section */
		2A9AB05C2B83082F0061D563 /* Resources */ = {
			isa = PBXResourcesBuildPhase;
			buildActionMask = 2147483647;
			files = (
				2A9AB06E2B8308320061D563 /* LaunchScreen.storyboard in Resources */,
				2A95EDB62B839F20006B1B69 /* GoogleService-Info.plist in Resources */,
				2A9AB06B2B8308320061D563 /* Assets.xcassets in Resources */,
				2A9AB0692B83082F0061D563 /* Main.storyboard in Resources */,
			);
			runOnlyForDeploymentPostprocessing = 0;
		};
/* End PBXResourcesBuildPhase section */

/* Begin PBXShellScriptBuildPhase section */
		2A95EDB72B83AC50006B1B69 /* Firebase Crashlytics */ = {
			isa = PBXShellScriptBuildPhase;
			buildActionMask = 2147483647;
			files = (
			);
			inputFileListPaths = (
			);
			inputPaths = (
				"${DWARF_DSYM_FOLDER_PATH}/${DWARF_DSYM_FILE_NAME}",
				"${DWARF_DSYM_FOLDER_PATH}/${DWARF_DSYM_FILE_NAME}/Contents/Resources/DWARF/${PRODUCT_NAME}",
				"$(TARGET_BUILD_DIR)/$(UNLOCALIZED_RESOURCES_FOLDER_PATH)/GoogleService-Info.plist",
				"$(TARGET_BUILD_DIR)/$(EXECUTABLE_PATH)",
				"${DWARF_DSYM_FOLDER_PATH}/${DWARF_DSYM_FILE_NAME}/Contents/Info.plist",
			);
			name = "Firebase Crashlytics";
			outputFileListPaths = (
			);
			outputPaths = (
			);
			runOnlyForDeploymentPostprocessing = 0;
			shellPath = /bin/sh;
			shellScript = "\"${BUILD_DIR%/Build/*}/SourcePackages/checkouts/firebase-ios-sdk/Crashlytics/run\"\n";
		};
/* End PBXShellScriptBuildPhase section */

/* Begin PBXSourcesBuildPhase section */
		2A9AB05A2B83082F0061D563 /* Sources */ = {
			isa = PBXSourcesBuildPhase;
			buildActionMask = 2147483647;
			files = (
				2A9AB0662B83082F0061D563 /* ViewController.swift in Sources */,
				2A9AB0622B83082F0061D563 /* AppDelegate.swift in Sources */,
			);
			runOnlyForDeploymentPostprocessing = 0;
		};
/* End PBXSourcesBuildPhase section */

/* Begin PBXVariantGroup section */
		2A9AB0672B83082F0061D563 /* Main.storyboard */ = {
			isa = PBXVariantGroup;
			children = (
				2A9AB0682B83082F0061D563 /* Base */,
			);
			name = Main.storyboard;
			sourceTree = "<group>";
		};
		2A9AB06C2B8308320061D563 /* LaunchScreen.storyboard */ = {
			isa = PBXVariantGroup;
			children = (
				2A9AB06D2B8308320061D563 /* Base */,
			);
			name = LaunchScreen.storyboard;
			sourceTree = "<group>";
		};
/* End PBXVariantGroup section */

/* Begin XCBuildConfiguration section */
		2A9AB0702B8308320061D563 /* Debug */ = {
			isa = XCBuildConfiguration;
			buildSettings = {
				ALWAYS_SEARCH_USER_PATHS = NO;
				ASSETCATALOG_COMPILER_GENERATE_SWIFT_ASSET_SYMBOL_EXTENSIONS = YES;
				CLANG_ANALYZER_NONNULL = YES;
				CLANG_ANALYZER_NUMBER_OBJECT_CONVERSION = YES_AGGRESSIVE;
				CLANG_CXX_LANGUAGE_STANDARD = "gnu++20";
				CLANG_ENABLE_MODULES = YES;
				CLANG_ENABLE_OBJC_ARC = YES;
				CLANG_ENABLE_OBJC_WEAK = YES;
				CLANG_WARN_BLOCK_CAPTURE_AUTORELEASING = YES;
				CLANG_WARN_BOOL_CONVERSION = YES;
				CLANG_WARN_COMMA = YES;
				CLANG_WARN_CONSTANT_CONVERSION = YES;
				CLANG_WARN_DEPRECATED_OBJC_IMPLEMENTATIONS = YES;
				CLANG_WARN_DIRECT_OBJC_ISA_USAGE = YES_ERROR;
				CLANG_WARN_DOCUMENTATION_COMMENTS = YES;
				CLANG_WARN_EMPTY_BODY = YES;
				CLANG_WARN_ENUM_CONVERSION = YES;
				CLANG_WARN_INFINITE_RECURSION = YES;
				CLANG_WARN_INT_CONVERSION = YES;
				CLANG_WARN_NON_LITERAL_NULL_CONVERSION = YES;
				CLANG_WARN_OBJC_IMPLICIT_RETAIN_SELF = YES;
				CLANG_WARN_OBJC_LITERAL_CONVERSION = YES;
				CLANG_WARN_OBJC_ROOT_CLASS = YES_ERROR;
				CLANG_WARN_QUOTED_INCLUDE_IN_FRAMEWORK_HEADER = YES;
				CLANG_WARN_RANGE_LOOP_ANALYSIS = YES;
				CLANG_WARN_STRICT_PROTOTYPES = YES;
				CLANG_WARN_SUSPICIOUS_MOVE = YES;
				CLANG_WARN_UNGUARDED_AVAILABILITY = YES_AGGRESSIVE;
				CLANG_WARN_UNREACHABLE_CODE = YES;
				CLANG_WARN__DUPLICATE_METHOD_MATCH = YES;
				COPY_PHASE_STRIP = NO;
				DEBUG_INFORMATION_FORMAT = dwarf;
				ENABLE_STRICT_OBJC_MSGSEND = YES;
				ENABLE_TESTABILITY = YES;
				ENABLE_USER_SCRIPT_SANDBOXING = YES;
				GCC_C_LANGUAGE_STANDARD = gnu17;
				GCC_DYNAMIC_NO_PIC = NO;
				GCC_NO_COMMON_BLOCKS = YES;
				GCC_OPTIMIZATION_LEVEL = 0;
				GCC_PREPROCESSOR_DEFINITIONS = (
					"DEBUG=1",
					"$(inherited)",
				);
				GCC_WARN_64_TO_32_BIT_CONVERSION = YES;
				GCC_WARN_ABOUT_RETURN_TYPE = YES_ERROR;
				GCC_WARN_UNDECLARED_SELECTOR = YES;
				GCC_WARN_UNINITIALIZED_AUTOS = YES_AGGRESSIVE;
				GCC_WARN_UNUSED_FUNCTION = YES;
				GCC_WARN_UNUSED_VARIABLE = YES;
				IPHONEOS_DEPLOYMENT_TARGET = 17.2;
				LOCALIZATION_PREFERS_STRING_CATALOGS = YES;
				MTL_ENABLE_DEBUG_INFO = INCLUDE_SOURCE;
				MTL_FAST_MATH = YES;
				ONLY_ACTIVE_ARCH = YES;
				SDKROOT = iphoneos;
				SWIFT_ACTIVE_COMPILATION_CONDITIONS = "DEBUG $(inherited)";
				SWIFT_OPTIMIZATION_LEVEL = "-Onone";
			};
			name = Debug;
		};
		2A9AB0712B8308320061D563 /* Release */ = {
			isa = XCBuildConfiguration;
			buildSettings = {
				ALWAYS_SEARCH_USER_PATHS = NO;
				ASSETCATALOG_COMPILER_GENERATE_SWIFT_ASSET_SYMBOL_EXTENSIONS = YES;
				CLANG_ANALYZER_NONNULL = YES;
				CLANG_ANALYZER_NUMBER_OBJECT_CONVERSION = YES_AGGRESSIVE;
				CLANG_CXX_LANGUAGE_STANDARD = "gnu++20";
				CLANG_ENABLE_MODULES = YES;
				CLANG_ENABLE_OBJC_ARC = YES;
				CLANG_ENABLE_OBJC_WEAK = YES;
				CLANG_WARN_BLOCK_CAPTURE_AUTORELEASING = YES;
				CLANG_WARN_BOOL_CONVERSION = YES;
				CLANG_WARN_COMMA = YES;
				CLANG_WARN_CONSTANT_CONVERSION = YES;
				CLANG_WARN_DEPRECATED_OBJC_IMPLEMENTATIONS = YES;
				CLANG_WARN_DIRECT_OBJC_ISA_USAGE = YES_ERROR;
				CLANG_WARN_DOCUMENTATION_COMMENTS = YES;
				CLANG_WARN_EMPTY_BODY = YES;
				CLANG_WARN_ENUM_CONVERSION = YES;
				CLANG_WARN_INFINITE_RECURSION = YES;
				CLANG_WARN_INT_CONVERSION = YES;
				CLANG_WARN_NON_LITERAL_NULL_CONVERSION = YES;
				CLANG_WARN_OBJC_IMPLICIT_RETAIN_SELF = YES;
				CLANG_WARN_OBJC_LITERAL_CONVERSION = YES;
				CLANG_WARN_OBJC_ROOT_CLASS = YES_ERROR;
				CLANG_WARN_QUOTED_INCLUDE_IN_FRAMEWORK_HEADER = YES;
				CLANG_WARN_RANGE_LOOP_ANALYSIS = YES;
				CLANG_WARN_STRICT_PROTOTYPES = YES;
				CLANG_WARN_SUSPICIOUS_MOVE = YES;
				CLANG_WARN_UNGUARDED_AVAILABILITY = YES_AGGRESSIVE;
				CLANG_WARN_UNREACHABLE_CODE = YES;
				CLANG_WARN__DUPLICATE_METHOD_MATCH = YES;
				COPY_PHASE_STRIP = NO;
				DEBUG_INFORMATION_FORMAT = "dwarf-with-dsym";
				ENABLE_NS_ASSERTIONS = NO;
				ENABLE_STRICT_OBJC_MSGSEND = YES;
				ENABLE_USER_SCRIPT_SANDBOXING = YES;
				GCC_C_LANGUAGE_STANDARD = gnu17;
				GCC_NO_COMMON_BLOCKS = YES;
				GCC_WARN_64_TO_32_BIT_CONVERSION = YES;
				GCC_WARN_ABOUT_RETURN_TYPE = YES_ERROR;
				GCC_WARN_UNDECLARED_SELECTOR = YES;
				GCC_WARN_UNINITIALIZED_AUTOS = YES_AGGRESSIVE;
				GCC_WARN_UNUSED_FUNCTION = YES;
				GCC_WARN_UNUSED_VARIABLE = YES;
				IPHONEOS_DEPLOYMENT_TARGET = 17.2;
				LOCALIZATION_PREFERS_STRING_CATALOGS = YES;
				MTL_ENABLE_DEBUG_INFO = NO;
				MTL_FAST_MATH = YES;
				SDKROOT = iphoneos;
				SWIFT_COMPILATION_MODE = wholemodule;
				VALIDATE_PRODUCT = YES;
			};
			name = Release;
		};
		2A9AB0732B8308320061D563 /* Debug */ = {
			isa = XCBuildConfiguration;
			buildSettings = {
				ASSETCATALOG_COMPILER_APPICON_NAME = AppIcon;
				ASSETCATALOG_COMPILER_GLOBAL_ACCENT_COLOR_NAME = AccentColor;
				CODE_SIGN_STYLE = Automatic;
				CURRENT_PROJECT_VERSION = 1;
				DEBUG_INFORMATION_FORMAT = "dwarf-with-dsym";
				DEVELOPMENT_TEAM = 5S22W76BBZ;
				GENERATE_INFOPLIST_FILE = YES;
				INFOPLIST_FILE = CrashlyticsSwift/Info.plist;
				INFOPLIST_KEY_UIApplicationSupportsIndirectInputEvents = YES;
				INFOPLIST_KEY_UILaunchStoryboardName = LaunchScreen;
				INFOPLIST_KEY_UIMainStoryboardFile = Main;
				INFOPLIST_KEY_UISupportedInterfaceOrientations_iPad = "UIInterfaceOrientationPortrait UIInterfaceOrientationPortraitUpsideDown UIInterfaceOrientationLandscapeLeft UIInterfaceOrientationLandscapeRight";
				INFOPLIST_KEY_UISupportedInterfaceOrientations_iPhone = "UIInterfaceOrientationPortrait UIInterfaceOrientationLandscapeLeft UIInterfaceOrientationLandscapeRight";
				LD_RUNPATH_SEARCH_PATHS = (
					"$(inherited)",
					"@executable_path/Frameworks",
				);
				MARKETING_VERSION = 1.0;
				PRODUCT_BUNDLE_IDENTIFIER = com.kevinhomorales.CrashlyticsSwift;
				PRODUCT_NAME = "$(TARGET_NAME)";
				SWIFT_EMIT_LOC_STRINGS = YES;
				SWIFT_VERSION = 5.0;
				TARGETED_DEVICE_FAMILY = "1,2";
			};
			name = Debug;
		};
		2A9AB0742B8308320061D563 /* Release */ = {
			isa = XCBuildConfiguration;
			buildSettings = {
				ASSETCATALOG_COMPILER_APPICON_NAME = AppIcon;
				ASSETCATALOG_COMPILER_GLOBAL_ACCENT_COLOR_NAME = AccentColor;
				CODE_SIGN_STYLE = Automatic;
				CURRENT_PROJECT_VERSION = 1;
				DEBUG_INFORMATION_FORMAT = "dwarf-with-dsym";
				DEVELOPMENT_TEAM = 5S22W76BBZ;
				GENERATE_INFOPLIST_FILE = YES;
				INFOPLIST_FILE = CrashlyticsSwift/Info.plist;
				INFOPLIST_KEY_UIApplicationSupportsIndirectInputEvents = YES;
				INFOPLIST_KEY_UILaunchStoryboardName = LaunchScreen;
				INFOPLIST_KEY_UIMainStoryboardFile = Main;
				INFOPLIST_KEY_UISupportedInterfaceOrientations_iPad = "UIInterfaceOrientationPortrait UIInterfaceOrientationPortraitUpsideDown UIInterfaceOrientationLandscapeLeft UIInterfaceOrientationLandscapeRight";
				INFOPLIST_KEY_UISupportedInterfaceOrientations_iPhone = "UIInterfaceOrientationPortrait UIInterfaceOrientationLandscapeLeft UIInterfaceOrientationLandscapeRight";
				LD_RUNPATH_SEARCH_PATHS = (
					"$(inherited)",
					"@executable_path/Frameworks",
				);
				MARKETING_VERSION = 1.0;
				PRODUCT_BUNDLE_IDENTIFIER = com.kevinhomorales.CrashlyticsSwift;
				PRODUCT_NAME = "$(TARGET_NAME)";
				SWIFT_EMIT_LOC_STRINGS = YES;
				SWIFT_VERSION = 5.0;
				TARGETED_DEVICE_FAMILY = "1,2";
			};
			name = Release;
		};
/* End XCBuildConfiguration section */

/* Begin XCConfigurationList section */
		2A9AB0592B83082F0061D563 /* Build configuration list for PBXProject "CrashlyticsSwift" */ = {
			isa = XCConfigurationList;
			buildConfigurations = (
				2A9AB0702B8308320061D563 /* Debug */,
				2A9AB0712B8308320061D563 /* Release */,
			);
			defaultConfigurationIsVisible = 0;
			defaultConfigurationName = Release;
		};
		2A9AB0722B8308320061D563 /* Build configuration list for PBXNativeTarget "CrashlyticsSwift" */ = {
			isa = XCConfigurationList;
			buildConfigurations = (
				2A9AB0732B8308320061D563 /* Debug */,
				2A9AB0742B8308320061D563 /* Release */,
			);
			defaultConfigurationIsVisible = 0;
			defaultConfigurationName = Release;
		};
/* End XCConfigurationList section */

/* Begin XCRemoteSwiftPackageReference section */
		2A95ED7E2B839C70006B1B69 /* XCRemoteSwiftPackageReference "firebase-ios-sdk" */ = {
			isa = XCRemoteSwiftPackageReference;
			repositoryURL = "https://github.com/firebase/firebase-ios-sdk.git";
			requirement = {
				kind = upToNextMajorVersion;
				minimumVersion = 10.21.0;
			};
		};
/* End XCRemoteSwiftPackageReference section */

/* Begin XCSwiftPackageProductDependency section */
		2A95ED7F2B839C70006B1B69 /* FirebaseAnalytics */ = {
			isa = XCSwiftPackageProductDependency;
			package = 2A95ED7E2B839C70006B1B69 /* XCRemoteSwiftPackageReference "firebase-ios-sdk" */;
			productName = FirebaseAnalytics;
		};
		2A95ED812B839C70006B1B69 /* FirebaseAnalyticsOnDeviceConversion */ = {
			isa = XCSwiftPackageProductDependency;
			package = 2A95ED7E2B839C70006B1B69 /* XCRemoteSwiftPackageReference "firebase-ios-sdk" */;
			productName = FirebaseAnalyticsOnDeviceConversion;
		};
		2A95ED832B839C70006B1B69 /* FirebaseAnalyticsSwift */ = {
			isa = XCSwiftPackageProductDependency;
			package = 2A95ED7E2B839C70006B1B69 /* XCRemoteSwiftPackageReference "firebase-ios-sdk" */;
			productName = FirebaseAnalyticsSwift;
		};
		2A95ED852B839C70006B1B69 /* FirebaseAnalyticsWithoutAdIdSupport */ = {
			isa = XCSwiftPackageProductDependency;
			package = 2A95ED7E2B839C70006B1B69 /* XCRemoteSwiftPackageReference "firebase-ios-sdk" */;
			productName = FirebaseAnalyticsWithoutAdIdSupport;
		};
		2A95ED872B839C70006B1B69 /* FirebaseAppCheck */ = {
			isa = XCSwiftPackageProductDependency;
			package = 2A95ED7E2B839C70006B1B69 /* XCRemoteSwiftPackageReference "firebase-ios-sdk" */;
			productName = FirebaseAppCheck;
		};
		2A95ED892B839C70006B1B69 /* FirebaseAppDistribution-Beta */ = {
			isa = XCSwiftPackageProductDependency;
			package = 2A95ED7E2B839C70006B1B69 /* XCRemoteSwiftPackageReference "firebase-ios-sdk" */;
			productName = "FirebaseAppDistribution-Beta";
		};
		2A95ED8B2B839C70006B1B69 /* FirebaseAuth */ = {
			isa = XCSwiftPackageProductDependency;
			package = 2A95ED7E2B839C70006B1B69 /* XCRemoteSwiftPackageReference "firebase-ios-sdk" */;
			productName = FirebaseAuth;
		};
		2A95ED8D2B839C70006B1B69 /* FirebaseAuthCombine-Community */ = {
			isa = XCSwiftPackageProductDependency;
			package = 2A95ED7E2B839C70006B1B69 /* XCRemoteSwiftPackageReference "firebase-ios-sdk" */;
			productName = "FirebaseAuthCombine-Community";
		};
		2A95ED8F2B839C70006B1B69 /* FirebaseCrashlytics */ = {
			isa = XCSwiftPackageProductDependency;
			package = 2A95ED7E2B839C70006B1B69 /* XCRemoteSwiftPackageReference "firebase-ios-sdk" */;
			productName = FirebaseCrashlytics;
		};
		2A95ED912B839C70006B1B69 /* FirebaseDatabase */ = {
			isa = XCSwiftPackageProductDependency;
			package = 2A95ED7E2B839C70006B1B69 /* XCRemoteSwiftPackageReference "firebase-ios-sdk" */;
			productName = FirebaseDatabase;
		};
		2A95ED932B839C70006B1B69 /* FirebaseDatabaseSwift */ = {
			isa = XCSwiftPackageProductDependency;
			package = 2A95ED7E2B839C70006B1B69 /* XCRemoteSwiftPackageReference "firebase-ios-sdk" */;
			productName = FirebaseDatabaseSwift;
		};
		2A95ED952B839C70006B1B69 /* FirebaseDynamicLinks */ = {
			isa = XCSwiftPackageProductDependency;
			package = 2A95ED7E2B839C70006B1B69 /* XCRemoteSwiftPackageReference "firebase-ios-sdk" */;
			productName = FirebaseDynamicLinks;
		};
		2A95ED972B839C70006B1B69 /* FirebaseFirestore */ = {
			isa = XCSwiftPackageProductDependency;
			package = 2A95ED7E2B839C70006B1B69 /* XCRemoteSwiftPackageReference "firebase-ios-sdk" */;
			productName = FirebaseFirestore;
		};
		2A95ED992B839C70006B1B69 /* FirebaseFirestoreCombine-Community */ = {
			isa = XCSwiftPackageProductDependency;
			package = 2A95ED7E2B839C70006B1B69 /* XCRemoteSwiftPackageReference "firebase-ios-sdk" */;
			productName = "FirebaseFirestoreCombine-Community";
		};
		2A95ED9B2B839C70006B1B69 /* FirebaseFirestoreSwift */ = {
			isa = XCSwiftPackageProductDependency;
			package = 2A95ED7E2B839C70006B1B69 /* XCRemoteSwiftPackageReference "firebase-ios-sdk" */;
			productName = FirebaseFirestoreSwift;
		};
		2A95ED9D2B839C70006B1B69 /* FirebaseFunctions */ = {
			isa = XCSwiftPackageProductDependency;
			package = 2A95ED7E2B839C70006B1B69 /* XCRemoteSwiftPackageReference "firebase-ios-sdk" */;
			productName = FirebaseFunctions;
		};
		2A95ED9F2B839C70006B1B69 /* FirebaseFunctionsCombine-Community */ = {
			isa = XCSwiftPackageProductDependency;
			package = 2A95ED7E2B839C70006B1B69 /* XCRemoteSwiftPackageReference "firebase-ios-sdk" */;
			productName = "FirebaseFunctionsCombine-Community";
		};
		2A95EDA12B839C70006B1B69 /* FirebaseInAppMessaging-Beta */ = {
			isa = XCSwiftPackageProductDependency;
			package = 2A95ED7E2B839C70006B1B69 /* XCRemoteSwiftPackageReference "firebase-ios-sdk" */;
			productName = "FirebaseInAppMessaging-Beta";
		};
		2A95EDA32B839C70006B1B69 /* FirebaseInAppMessagingSwift-Beta */ = {
			isa = XCSwiftPackageProductDependency;
			package = 2A95ED7E2B839C70006B1B69 /* XCRemoteSwiftPackageReference "firebase-ios-sdk" */;
			productName = "FirebaseInAppMessagingSwift-Beta";
		};
		2A95EDA52B839C70006B1B69 /* FirebaseInstallations */ = {
			isa = XCSwiftPackageProductDependency;
			package = 2A95ED7E2B839C70006B1B69 /* XCRemoteSwiftPackageReference "firebase-ios-sdk" */;
			productName = FirebaseInstallations;
		};
		2A95EDA72B839C70006B1B69 /* FirebaseMLModelDownloader */ = {
			isa = XCSwiftPackageProductDependency;
			package = 2A95ED7E2B839C70006B1B69 /* XCRemoteSwiftPackageReference "firebase-ios-sdk" */;
			productName = FirebaseMLModelDownloader;
		};
		2A95EDA92B839C70006B1B69 /* FirebaseMessaging */ = {
			isa = XCSwiftPackageProductDependency;
			package = 2A95ED7E2B839C70006B1B69 /* XCRemoteSwiftPackageReference "firebase-ios-sdk" */;
			productName = FirebaseMessaging;
		};
		2A95EDAB2B839C70006B1B69 /* FirebasePerformance */ = {
			isa = XCSwiftPackageProductDependency;
			package = 2A95ED7E2B839C70006B1B69 /* XCRemoteSwiftPackageReference "firebase-ios-sdk" */;
			productName = FirebasePerformance;
		};
		2A95EDAD2B839C70006B1B69 /* FirebaseRemoteConfig */ = {
			isa = XCSwiftPackageProductDependency;
			package = 2A95ED7E2B839C70006B1B69 /* XCRemoteSwiftPackageReference "firebase-ios-sdk" */;
			productName = FirebaseRemoteConfig;
		};
		2A95EDAF2B839C70006B1B69 /* FirebaseRemoteConfigSwift */ = {
			isa = XCSwiftPackageProductDependency;
			package = 2A95ED7E2B839C70006B1B69 /* XCRemoteSwiftPackageReference "firebase-ios-sdk" */;
			productName = FirebaseRemoteConfigSwift;
		};
		2A95EDB12B839C70006B1B69 /* FirebaseStorage */ = {
			isa = XCSwiftPackageProductDependency;
			package = 2A95ED7E2B839C70006B1B69 /* XCRemoteSwiftPackageReference "firebase-ios-sdk" */;
			productName = FirebaseStorage;
		};
		2A95EDB32B839C70006B1B69 /* FirebaseStorageCombine-Community */ = {
			isa = XCSwiftPackageProductDependency;
			package = 2A95ED7E2B839C70006B1B69 /* XCRemoteSwiftPackageReference "firebase-ios-sdk" */;
			productName = "FirebaseStorageCombine-Community";
		};
/* End XCSwiftPackageProductDependency section */
	};
	rootObject = 2A9AB0562B83082F0061D563 /* Project object */;
}
